{
  "object": {
    "pins": [
      {
        "package": "Future",
        "repositoryURL": "https://github.com/robb/Future.git",
        "state": {
          "branch": "master",
          "revision": "a2e244080e4fae79bd004f5dc89ac2ac847ae6b2",
          "version": null
        }
      },
      {
        "package": "HTML",
        "repositoryURL": "https://github.com/robb/HTML-DSL.git",
        "state": {
          "branch": "master",
          "revision": "17483ad6733a352d6b09bf350bab75c2b364a2a8",
          "version": null
        }
      },
      {
        "package": "swift-argument-parser",
        "repositoryURL": "https://github.com/apple/swift-argument-parser",
        "state": {
          "branch": null,
          "revision": "8d31a0905c346a45c87773ad50862b5b3df8dff6",
          "version": "0.0.4"
        }
      },
      {
        "package": "cmark",
        "repositoryURL": "https://github.com/apple/swift-cmark.git",
        "state": {
          "branch": "master",
          "revision": "1168665f6b36be747ffe6b7b90bc54cfc17f42b7",
          "version": null
        }
      },
      {
        "package": "swift-log",
        "repositoryURL": "https://github.com/apple/swift-log.git",
        "state": {
          "branch": null,
          "revision": "74d7b91ceebc85daf387ebb206003f78813f71aa",
          "version": "1.2.0"
        }
      },
      {
        "package": "URLRequest+AWS",
        "repositoryURL": "https://github.com/robb/URLRequest-AWS.git",
        "state": {
          "branch": "master",
          "revision": "4b908bfd4c7478eaae2232c460d9285d2173b7b8",
          "version": null
        }
      }
    ]
  },
  "version": 1
}
