{
  "object": {
    "pins": [
      {
        "package": "Down",
        "repositoryURL": "https://github.com/iwasrobbed/Down.git",
        "state": {
          "branch": "master",
          "revision": "805e537949f21a64c46227ca9aa881f16ba93048",
          "version": null
        }
      },
      {
        "package": "HTML",
        "repositoryURL": "https://github.com/robb/HTML-DSL.git",
        "state": {
          "branch": "master",
          "revision": "25d0951c6e29f9a781e391a4928ee39942324a84",
          "version": null
        }
      },
      {
        "package": "Path.swift",
        "repositoryURL": "https://github.com/mxcl/Path.swift.git",
        "state": {
          "branch": null,
          "revision": "f324b4a562ca421fd2905414a10fb0fc91d58b67",
          "version": "0.16.2"
        }
      }
    ]
  },
  "version": 1
}
