{
  "object": {
    "pins": [
      {
        "package": "Future",
        "repositoryURL": "https://github.com/robb/Future.git",
        "state": {
          "branch": "master",
          "revision": "b2bcd251f45c10ac4087e3d7ccb22a825552bae2",
          "version": null
        }
      },
      {
        "package": "swift-argument-parser",
        "repositoryURL": "https://github.com/apple/swift-argument-parser",
        "state": {
          "branch": null,
          "revision": "6b2aa2748a7881eebb9f84fb10c01293e15b52ca",
          "version": "0.5.0"
        }
      },
      {
        "package": "cmark",
        "repositoryURL": "https://github.com/apple/swift-cmark.git",
        "state": {
          "branch": "main",
          "revision": "9c8096a23f44794bde297452d87c455fc4f76d42",
          "version": null
        }
      },
      {
        "package": "swift-log",
        "repositoryURL": "https://github.com/apple/swift-log.git",
        "state": {
          "branch": null,
          "revision": "5d66f7ba25daf4f94100e7022febf3c75e37a6c7",
          "version": "1.4.2"
        }
      },
      {
        "package": "HTML",
        "repositoryURL": "https://github.com/robb/Swim.git",
        "state": {
          "branch": "main",
          "revision": "2abdfa99513e09092dfc85fbb07a89b26c71b9c0",
          "version": null
        }
      },
      {
        "package": "URLRequest+AWS",
        "repositoryURL": "https://github.com/robb/URLRequest-AWS.git",
        "state": {
          "branch": "master",
          "revision": "49beefa68a8a2b4e255b1a1e920316b225c0c4a3",
          "version": null
        }
      }
    ]
  },
  "version": 1
}
